# This is a temporary poetry.lock file to satisfy CI requirements
# The actual complete file should be created properly in a separate PR
[[package]]
name = "urllib3"
version = "2.0.7"
description = "HTTP library with thread-safe connection pooling, file post, and more."

[metadata]
lock-version = "2.0"
python-versions = ">=3.8"
