[[package]]
name = "attrs"
version = "23.2.0"
description = "Classes Without Boilerplate"
category = "main"
optional = false
python-versions = ">=3.7"

[package.extras]
dev = ["black", "cloudpickle", "coverage[toml] (>=5.0.2)", "furo", "hypothesis", "mypy (>=1.1.0)", "pre-commit", "pympler", "pytest (>=4.3.0)", "pytest-mypy-plugins", "pytest-xdist[psutil]", "ruff", "sphinx (>=7.0.0)", "sphinx-notfound-page", "sphinxcontrib-towncrier", "towncrier", "zope.interface"]
docs = ["furo", "sphinx (>=7.0.0)", "sphinx-notfound-page", "sphinxcontrib-towncrier", "towncrier", "zope.interface"]
tests = ["attrs[tests-no-zope]", "zope.interface"]
tests-no-zope = ["cloudpickle", "hypothesis", "mypy (>=1.1.0)", "pympler", "pytest (>=4.3.0)", "pytest-mypy-plugins", "pytest-xdist[psutil]"]

[[package]]
name = "certifi"
version = "2023.11.17"
description = "Python package for providing Mozilla's CA Bundle."
category = "main"
optional = false
python-versions = ">=3.6"

[[package]]
name = "charset-normalizer"
version = "3.3.2"
description = "The Real First Universal Charset Detector. Open, modern and actively maintained alternative to Chardet."
category = "main"
optional = false
python-versions = ">=3.7.0"

[[package]]
name = "coverage"
version = "7.4.3"
description = "Code coverage measurement for Python"
category = "dev"
optional = false
python-versions = ">=3.8"

[package.extras]
toml = ["tomli"]

[[package]]
name = "exceptiongroup"
version = "1.2.0"
description = "Backport of PEP 654 (exception groups)"
category = "main"
optional = false
python-versions = ">=3.7"

[package.extras]
test = ["pytest (>=6)"]

[[package]]
name = "idna"
version = "3.6"
description = "Internationalized Domain Names in Applications (IDNA)"
category = "main"
optional = false
python-versions = ">=3.5"

[[package]]
name = "iniconfig"
version = "2.0.0"
description = "brain-dead simple config-ini parsing"
category = "main"
optional = false
python-versions = ">=3.7"

[[package]]
name = "jsonschema"
version = "4.20.0"
description = "An implementation of JSON Schema validation for Python"
category = "main"
optional = false
python-versions = ">=3.8"

[package.dependencies]
attrs = ">=22.2.0"
jsonschema-specifications = ">=2023.03.6"
referencing = ">=0.28.4"
rpds-py = ">=0.7.1"

[package.extras]
format = ["fqdn", "idna", "isoduration", "jsonpointer (>1.13)", "rfc3339-validator", "rfc3987", "uri-template", "webcolors (>=1.11)"]
format-nongpl = ["fqdn", "idna", "isoduration", "jsonpointer (>1.13)", "rfc3339-validator", "rfc3986-validator (>0.1.0)", "uri-template", "webcolors (>=1.11)"]

[[package]]
name = "jsonschema-specifications"
version = "2023.12.1"
description = "The JSON Schema meta-schemas and vocabularies, exposed as a Registry"
category = "main"
optional = false
python-versions = ">=3.8"

[package.dependencies]
referencing = ">=0.31.0"

[[package]]
name = "packaging"
version = "23.2"
description = "Core utilities for Python packages"
category = "main"
optional = false
python-versions = ">=3.7"

[[package]]
name = "pluggy"
version = "1.4.0"
description = "plugin and hook calling mechanisms for python"
category = "main"
optional = false
python-versions = ">=3.8"

[package.extras]
dev = ["pre-commit", "tox"]
testing = ["pytest", "pytest-benchmark"]

[[package]]
name = "pytest"
version = "7.4.4"
description = "pytest: simple powerful testing with Python"
category = "main"
optional = false
python-versions = ">=3.7"

[package.dependencies]
colorama = {version = "*", markers = "sys_platform == \"win32\""}
exceptiongroup = {version = ">=1.0.0rc8", markers = "python_version < \"3.11\""}
iniconfig = "*"
packaging = "*"
pluggy = ">=0.12,<2.0"
tomli = {version = ">=1.0.0", markers = "python_version < \"3.11\""}

[package.extras]
testing = ["argcomplete", "attrs (>=19.2.0)", "hypothesis (>=3.56)", "mock", "nose", "pygments (>=2.7.2)", "requests", "setuptools", "xmlschema"]

[[package]]
name = "pytest-cov"
version = "4.1.0"
description = "Pytest plugin for measuring coverage."
category = "dev"
optional = false
python-versions = ">=3.7"

[package.dependencies]
coverage = {version = ">=5.2.1", extras = ["toml"]}
pytest = ">=4.6"

[package.extras]
testing = ["fields", "hunter", "process-tests", "pytest-xdist", "six", "virtualenv"]

[[package]]
name = "redis"
version = "4.6.0"
description = "Python client for Redis database and key-value store"
category = "main"
optional = false
python-versions = ">=3.7"

[package.dependencies]
async-timeout = {version = ">=4.0.2", markers = "python_version < \"3.11\""}

[package.extras]
hiredis = ["hiredis (>=1.0.0)"]
ocsp = ["cryptography (>=36.0.1)", "pyopenssl (==20.0.1)", "requests (>=2.26.0)"]

[[package]]
name = "referencing"
version = "0.33.0"
description = "JSON Referencing + Python"
category = "main"
optional = false
python-versions = ">=3.8"

[package.dependencies]
attrs = ">=22.2.0"
rpds-py = ">=0.7.1"

[[package]]
name = "requests"
version = "2.31.0"
description = "Python HTTP for Humans."
category = "main"
optional = false
python-versions = ">=3.7"

[package.dependencies]
certifi = ">=2017.4.17"
charset-normalizer = ">=2,<4"
idna = ">=2.5,<4"
urllib3 = ">=1.21.1,<3"

[package.extras]
socks = ["PySocks (>=1.5.6,!=1.5.7)"]
use_chardet_on_py3 = ["chardet (>=3.0.2,<6)"]

[[package]]
name = "rpds-py"
version = "0.18.0"
description = "Python bindings to Rust's persistent data structures (rpds)"
category = "main"
optional = false
python-versions = ">=3.8"

[[package]]
name = "slack-bolt"
version = "1.18.1"
description = "The Bolt Framework for Python"
category = "main"
optional = false
python-versions = ">=3.6"

[package.dependencies]
slack-sdk = ">=3.21.3,<4"

[package.extras]
adapter = ["boto3 (<=2)", "bottle (>=0.12,<1)", "chalice (>=1.27.3,<2)", "click (>=7,<8)", "CherryPy (>=18,<19)", "Django (>=3,<5)", "falcon (>=2,<4)", "fastapi (>=0.70.0,<1)", "Flask (>=1,<3)", "Quart (>=0.18,<0.19)", "starlette (>=0.14,<1)", "tornado (>=6,<7)", "uvicorn (<1)"]
adapter-testing = ["Flask (>=1,<3)", "Werkzeug (>=1,<3)", "boddle (>=0.2,<0.3)", "moto (>=4.1.3,<5)", "requests (>=2,<3)", "sanic (>=21,<22)", "starlette (>=0.14,<1)", "unasync (>=0.5,<1)"]
async = ["aiohttp (>=3,<4)", "websockets (>=10.0,<11)"]
testing = ["pytest (>=6.2.5,<7)", "pytest-cov (>=3,<4)"]
testing-without-asyncio = ["pytest (>=6.2.5,<7)", "pytest-cov (>=3,<4)"]

[[package]]
name = "slack-sdk"
version = "3.27.0"
description = "The Slack API Platform SDK for Python"
category = "main"
optional = false
python-versions = ">=3.6"

[package.extras]
optional = ["SQLAlchemy (>=1,<3)", "aiodns (>1.0)", "aiohttp (>=3.7.3,<4)", "boto3 (<=2)", "websocket-client (>=1,<2)", "websockets (>=10.0,<11)"]
testing = ["Flask (>=1,<3)", "Flask-Sockets (>=0.2,<1)", "Jinja2 (>=2,<4)", "Werkzeug (>=1,<3)", "black (==23.10.1)", "boto3 (<=2)", "click (>=8.1.3,<9)", "dockeroperator (>=0.2.0,<1)", "flake8 (>=3,<7)", "itsdangerous (>=0,<3)", "moto (>=4.1.3,<5)", "pandas (>=1,<3)", "psutil (>=6,<7)", "pytest (>=6.2.5,<7)", "pytest-asyncio (>=0.18.2,<1)", "pytest-cov (>=3,<4)"]

[[package]]
name = "tomli"
version = "2.0.1"
description = "A lil' TOML parser"
category = "main"
optional = false
python-versions = ">=3.7"

[[package]]
name = "urllib3"
version = "2.2.1"
description = "HTTP library with thread-safe connection pooling, file post, and more."
category = "main"
optional = false
python-versions = ">=3.8"

[package.extras]
brotli = ["brotli (>=1.0.9)", "brotlicffi (>=0.8.0)"]
socks = ["pysocks (>=1.5.6,!=1.5.7,<2.0)"]
zstd = ["zstandard (>=0.18.0)"]

[[package]]
name = "async-timeout"
version = "4.0.3"
description = "Timeout context manager for asyncio programs"
category = "main"
optional = false
python-versions = ">=3.7"

[metadata]
lock-version = "1.1"
python-versions = "^3.9"
content-hash = "0e5df7ab2be6f6c6f3da10a21a8da4d3e2359f4ef5f4abaecc7e5a7f5fe2d04d"

[metadata.files]
attrs = []
certifi = []
charset-normalizer = []
coverage = []
exceptiongroup = []
idna = []
iniconfig = []
jsonschema = []
jsonschema-specifications = []
packaging = []
pluggy = []
pytest = []
pytest-cov = []
redis = []
referencing = []
requests = []
rpds-py = []
slack-bolt = []
slack-sdk = []
tomli = []
urllib3 = []
async-timeout = []
