github.com/DATA-DOG/go-sqlmock v1.5.2 h1:88MAG/4G7SMwSE3CeA0ZKzrT5CXpSY/YAQwXlAMsJQ=
github.com/DATA-DOG/go-sqlmock v1.5.2/go.mod h1:CUDbtM2OsIwBGQZR/ODjdZXVJuRWj5bLgmN0hUEo4Mw=
github.com/go-sql-driver/mysql v1.7.1 h1:lUIinVbN1DY0xBg0eMOzmmtGoHwWBbvnWubQUrtU8EI=
github.com/go-sql-driver/mysql v1.7.1/go.mod h1:OXbVy3sEdcQ2Doequ6Z5BW6fXNQTmx+9S1MCJN5yJMI=
github.com/lib/pq v1.10.9 h1:YXG7RB+JIjhP29X+OtkiDnYaXQwpS4JEWq7dtCCRUEw=
github.com/lib/pq v1.10.9/go.mod h1:AlVN5x4E4T544tWzH6hKfbfQvm3HdbOxrmggDNAPY9o=
modernc.org/libc v1.34.11 h1:13XElvTWa2M0y+Thmw6hxIn0d2wf7kwyN5QyQaaWG0=
modernc.org/libc v1.34.11/go.mod h1:YAXkAZ8kSK3MlE850S+4RCt65NTkq7ooauMCxDZH0U8=
modernc.org/sqlite v1.29.1 h1:17k5tYHF+wj9jPYvk8pO1/H0ZkdFUuuVc7BXzTQNZJ0=
modernc.org/sqlite v1.29.1/go.mod h1:uAS467qZh6OkTcl1Q+9btvp64lrV8l0M4xsXBRZouDM=